{
  "pins" : [
    {
      "identity" : "swift-nio",
      "kind" : "remoteSourceControl",
      "location" : "https://github.com/apple/swift-nio.git",
      "state" : {
        "revision" : "124119f0bb12384cef35aa041d7c3a686108722d",
        "version" : "2.40.0"
      }
    },
    {
      "identity" : "swift-nio-ssl",
      "kind" : "remoteSourceControl",
      "location" : "https://github.com/apple/swift-nio-ssl.git",
      "state" : {
        "revision" : "1750873bce84b4129b5303655cce2c3d35b9ed3a",
        "version" : "2.19.0"
      }
    },
    {
      "identity" : "websocket.swift",
      "kind" : "remoteSourceControl",
      "location" : "https://github.com/tesseract-one/WebSocket.swift.git",
      "state" : {
        "revision" : "9f616c35127c83651d3112f8bdb41284d3c5c213",
        "version" : "0.2.0"
      }
    }
  ],
  "version" : 2
}
